
Microsoft Visual Studio Solution File, Format Version 12.00
# Visual Studio Version 17
VisualStudioVersion = 17.7.34003.232
MinimumVisualStudioVersion = 10.0.40219.1
Project("{FAE04EC0-301F-11D3-BF4B-00C04F79EFBC}") = "EventsExample", "EventsExample\EventsExample.csproj", "{5A42F4F9-01EF-4D1D-99E9-1BFB5D7195A4}"
EndProject
Project("{FAE04EC0-301F-11D3-BF4B-00C04F79EFBC}") = "ClassLibrary1", "ClassLibrary1\ClassLibrary1.csproj", "{5D6019DA-CA83-4601-8470-7B5756AD5E1D}"
EndProject
Global
	GlobalSection(SolutionConfigurationPlatforms) = preSolution
		Debug|Any CPU = Debug|Any CPU
		Release|Any CPU = Release|Any CPU
	EndGlobalSection
	GlobalSection(ProjectConfigurationPlatforms) = postSolution
		{5A42F4F9-01EF-4D1D-99E9-1BFB5D7195A4}.Debug|Any CPU.ActiveCfg = Debug|Any CPU
		{5A42F4F9-01EF-4D1D-99E9-1BFB5D7195A4}.Debug|Any CPU.Build.0 = Debug|Any CPU
		{5A42F4F9-01EF-4D1D-99E9-1BFB5D7195A4}.Release|Any CPU.ActiveCfg = Release|Any CPU
		{5A42F4F9-01EF-4D1D-99E9-1BFB5D7195A4}.Release|Any CPU.Build.0 = Release|Any CPU
		{5D6019DA-CA83-4601-8470-7B5756AD5E1D}.Debug|Any CPU.ActiveCfg = Debug|Any CPU
		{5D6019DA-CA83-4601-8470-7B5756AD5E1D}.Debug|Any CPU.Build.0 = Debug|Any CPU
		{5D6019DA-CA83-4601-8470-7B5756AD5E1D}.Release|Any CPU.ActiveCfg = Release|Any CPU
		{5D6019DA-CA83-4601-8470-7B5756AD5E1D}.Release|Any CPU.Build.0 = Release|Any CPU
	EndGlobalSection
	GlobalSection(SolutionProperties) = preSolution
		HideSolutionNode = FALSE
	EndGlobalSection
	GlobalSection(ExtensibilityGlobals) = postSolution
		SolutionGuid = {99588F7B-D8F4-462C-816D-9A5D155BBB36}
	EndGlobalSection
EndGlobal
