
Microsoft Visual Studio Solution File, Format Version 12.00
# Visual Studio Version 17
VisualStudioVersion = 17.7.34003.232
MinimumVisualStudioVersion = 10.0.40219.1
Project("{FAE04EC0-301F-11D3-BF4B-00C04F79EFBC}") = "InheritanceExample", "InheritanceExample\InheritanceExample.csproj", "{A7BBB533-CCE4-4056-BF1E-3E56A2738D96}"
EndProject
Project("{FAE04EC0-301F-11D3-BF4B-00C04F79EFBC}") = "ClassLibrary1", "ClassLibrary1\ClassLibrary1.csproj", "{2B585457-C7F9-4489-812E-B99560CE44E3}"
EndProject
Global
	GlobalSection(SolutionConfigurationPlatforms) = preSolution
		Debug|Any CPU = Debug|Any CPU
		Release|Any CPU = Release|Any CPU
	EndGlobalSection
	GlobalSection(ProjectConfigurationPlatforms) = postSolution
		{A7BBB533-CCE4-4056-BF1E-3E56A2738D96}.Debug|Any CPU.ActiveCfg = Debug|Any CPU
		{A7BBB533-CCE4-4056-BF1E-3E56A2738D96}.Debug|Any CPU.Build.0 = Debug|Any CPU
		{A7BBB533-CCE4-4056-BF1E-3E56A2738D96}.Release|Any CPU.ActiveCfg = Release|Any CPU
		{A7BBB533-CCE4-4056-BF1E-3E56A2738D96}.Release|Any CPU.Build.0 = Release|Any CPU
		{2B585457-C7F9-4489-812E-B99560CE44E3}.Debug|Any CPU.ActiveCfg = Debug|Any CPU
		{2B585457-C7F9-4489-812E-B99560CE44E3}.Debug|Any CPU.Build.0 = Debug|Any CPU
		{2B585457-C7F9-4489-812E-B99560CE44E3}.Release|Any CPU.ActiveCfg = Release|Any CPU
		{2B585457-C7F9-4489-812E-B99560CE44E3}.Release|Any CPU.Build.0 = Release|Any CPU
	EndGlobalSection
	GlobalSection(SolutionProperties) = preSolution
		HideSolutionNode = FALSE
	EndGlobalSection
	GlobalSection(ExtensibilityGlobals) = postSolution
		SolutionGuid = {0DD6B208-7C41-4799-8853-1089D03B4929}
	EndGlobalSection
EndGlobal
