
Microsoft Visual Studio Solution File, Format Version 12.00
# Visual Studio Version 17
VisualStudioVersion = 17.7.34003.232
MinimumVisualStudioVersion = 10.0.40219.1
Project("{FAE04EC0-301F-11D3-BF4B-00C04F79EFBC}") = "ConsoleApp1", "ConsoleApp1\ConsoleApp1.csproj", "{E1556359-48F7-43AA-BDAC-45F955D9C316}"
EndProject
Global
	GlobalSection(SolutionConfigurationPlatforms) = preSolution
		Debug|Any CPU = Debug|Any CPU
		Release|Any CPU = Release|Any CPU
	EndGlobalSection
	GlobalSection(ProjectConfigurationPlatforms) = postSolution
		{E1556359-48F7-43AA-BDAC-45F955D9C316}.Debug|Any CPU.ActiveCfg = Debug|Any CPU
		{E1556359-48F7-43AA-BDAC-45F955D9C316}.Debug|Any CPU.Build.0 = Debug|Any CPU
		{E1556359-48F7-43AA-BDAC-45F955D9C316}.Release|Any CPU.ActiveCfg = Release|Any CPU
		{E1556359-48F7-43AA-BDAC-45F955D9C316}.Release|Any CPU.Build.0 = Release|Any CPU
	EndGlobalSection
	GlobalSection(SolutionProperties) = preSolution
		HideSolutionNode = FALSE
	EndGlobalSection
	GlobalSection(ExtensibilityGlobals) = postSolution
		SolutionGuid = {3B930F25-01A6-4674-827E-AC448EBC28F1}
	EndGlobalSection
EndGlobal
