
Microsoft Visual Studio Solution File, Format Version 12.00
# Visual Studio Version 17
VisualStudioVersion = 17.7.34003.232
MinimumVisualStudioVersion = 10.0.40219.1
Project("{FAE04EC0-301F-11D3-BF4B-00C04F79EFBC}") = "CreatingDelegates", "CreatingDelegates\CreatingDelegates.csproj", "{BFEF0F77-00D0-4E71-A971-48E109FD2578}"
EndProject
Project("{FAE04EC0-301F-11D3-BF4B-00C04F79EFBC}") = "ClassLibrary1", "ClassLibrary1\ClassLibrary1.csproj", "{156B7449-6AC0-42D1-9BBF-682B811CC6D7}"
EndProject
Global
	GlobalSection(SolutionConfigurationPlatforms) = preSolution
		Debug|Any CPU = Debug|Any CPU
		Release|Any CPU = Release|Any CPU
	EndGlobalSection
	GlobalSection(ProjectConfigurationPlatforms) = postSolution
		{BFEF0F77-00D0-4E71-A971-48E109FD2578}.Debug|Any CPU.ActiveCfg = Debug|Any CPU
		{BFEF0F77-00D0-4E71-A971-48E109FD2578}.Debug|Any CPU.Build.0 = Debug|Any CPU
		{BFEF0F77-00D0-4E71-A971-48E109FD2578}.Release|Any CPU.ActiveCfg = Release|Any CPU
		{BFEF0F77-00D0-4E71-A971-48E109FD2578}.Release|Any CPU.Build.0 = Release|Any CPU
		{156B7449-6AC0-42D1-9BBF-682B811CC6D7}.Debug|Any CPU.ActiveCfg = Debug|Any CPU
		{156B7449-6AC0-42D1-9BBF-682B811CC6D7}.Debug|Any CPU.Build.0 = Debug|Any CPU
		{156B7449-6AC0-42D1-9BBF-682B811CC6D7}.Release|Any CPU.ActiveCfg = Release|Any CPU
		{156B7449-6AC0-42D1-9BBF-682B811CC6D7}.Release|Any CPU.Build.0 = Release|Any CPU
	EndGlobalSection
	GlobalSection(SolutionProperties) = preSolution
		HideSolutionNode = FALSE
	EndGlobalSection
	GlobalSection(ExtensibilityGlobals) = postSolution
		SolutionGuid = {D89BCF5C-92DB-4514-A0E3-993E1C290538}
	EndGlobalSection
EndGlobal
