
Microsoft Visual Studio Solution File, Format Version 12.00
# Visual Studio Version 17
VisualStudioVersion = 17.7.34003.232
MinimumVisualStudioVersion = 10.0.40219.1
Project("{FAE04EC0-301F-11D3-BF4B-00C04F79EFBC}") = "StructureApp2", "StructureApp2\StructureApp2.csproj", "{AA534977-4CCB-40A8-8DE9-4EFFA6EFE1A3}"
EndProject
Project("{FAE04EC0-301F-11D3-BF4B-00C04F79EFBC}") = "ClassLibrary1", "ClassLibrary1\ClassLibrary1.csproj", "{6A6AC6B1-BA16-48D8-95B1-7DC1BA384839}"
EndProject
Global
	GlobalSection(SolutionConfigurationPlatforms) = preSolution
		Debug|Any CPU = Debug|Any CPU
		Release|Any CPU = Release|Any CPU
	EndGlobalSection
	GlobalSection(ProjectConfigurationPlatforms) = postSolution
		{AA534977-4CCB-40A8-8DE9-4EFFA6EFE1A3}.Debug|Any CPU.ActiveCfg = Debug|Any CPU
		{AA534977-4CCB-40A8-8DE9-4EFFA6EFE1A3}.Debug|Any CPU.Build.0 = Debug|Any CPU
		{AA534977-4CCB-40A8-8DE9-4EFFA6EFE1A3}.Release|Any CPU.ActiveCfg = Release|Any CPU
		{AA534977-4CCB-40A8-8DE9-4EFFA6EFE1A3}.Release|Any CPU.Build.0 = Release|Any CPU
		{6A6AC6B1-BA16-48D8-95B1-7DC1BA384839}.Debug|Any CPU.ActiveCfg = Debug|Any CPU
		{6A6AC6B1-BA16-48D8-95B1-7DC1BA384839}.Debug|Any CPU.Build.0 = Debug|Any CPU
		{6A6AC6B1-BA16-48D8-95B1-7DC1BA384839}.Release|Any CPU.ActiveCfg = Release|Any CPU
		{6A6AC6B1-BA16-48D8-95B1-7DC1BA384839}.Release|Any CPU.Build.0 = Release|Any CPU
	EndGlobalSection
	GlobalSection(SolutionProperties) = preSolution
		HideSolutionNode = FALSE
	EndGlobalSection
	GlobalSection(ExtensibilityGlobals) = postSolution
		SolutionGuid = {AB64065D-EC93-4DB3-AC60-897BE118A1F6}
	EndGlobalSection
EndGlobal
