
Microsoft Visual Studio Solution File, Format Version 12.00
# Visual Studio Version 17
VisualStudioVersion = 17.7.34003.232
MinimumVisualStudioVersion = 10.0.40219.1
Project("{FAE04EC0-301F-11D3-BF4B-00C04F79EFBC}") = "StructureExaple", "StructureExaple\StructureExaple.csproj", "{95D67C55-1B6E-41ED-9E95-E4730F5EDD15}"
EndProject
Project("{FAE04EC0-301F-11D3-BF4B-00C04F79EFBC}") = "ClassLibrary1", "ClassLibrary1\ClassLibrary1.csproj", "{B69AA97F-233D-47B8-9F88-730BBA9BE9B9}"
EndProject
Global
	GlobalSection(SolutionConfigurationPlatforms) = preSolution
		Debug|Any CPU = Debug|Any CPU
		Release|Any CPU = Release|Any CPU
	EndGlobalSection
	GlobalSection(ProjectConfigurationPlatforms) = postSolution
		{95D67C55-1B6E-41ED-9E95-E4730F5EDD15}.Debug|Any CPU.ActiveCfg = Debug|Any CPU
		{95D67C55-1B6E-41ED-9E95-E4730F5EDD15}.Debug|Any CPU.Build.0 = Debug|Any CPU
		{95D67C55-1B6E-41ED-9E95-E4730F5EDD15}.Release|Any CPU.ActiveCfg = Release|Any CPU
		{95D67C55-1B6E-41ED-9E95-E4730F5EDD15}.Release|Any CPU.Build.0 = Release|Any CPU
		{B69AA97F-233D-47B8-9F88-730BBA9BE9B9}.Debug|Any CPU.ActiveCfg = Debug|Any CPU
		{B69AA97F-233D-47B8-9F88-730BBA9BE9B9}.Debug|Any CPU.Build.0 = Debug|Any CPU
		{B69AA97F-233D-47B8-9F88-730BBA9BE9B9}.Release|Any CPU.ActiveCfg = Release|Any CPU
		{B69AA97F-233D-47B8-9F88-730BBA9BE9B9}.Release|Any CPU.Build.0 = Release|Any CPU
	EndGlobalSection
	GlobalSection(SolutionProperties) = preSolution
		HideSolutionNode = FALSE
	EndGlobalSection
	GlobalSection(ExtensibilityGlobals) = postSolution
		SolutionGuid = {F5827592-D36F-4A6E-8D74-66AFA864EC40}
	EndGlobalSection
EndGlobal
